
Microsoft Visual Studio Solution File, Format Version 12.00
# Visual Studio 14
VisualStudioVersion = 14.0.25420.1
MinimumVisualStudioVersion = 10.0.40219.1
Project("{2150E333-8FDC-42A3-9474-1A3956D46DE8}") = "src", "src", "{EA591656-3F28-4CB0-B95B-BFCCCF280F64}"
EndProject
Project("{2150E333-8FDC-42A3-9474-1A3956D46DE8}") = "Solution Items", "Solution Items", "{EA08B10D-674B-47DE-8E4D-0D429806DDEB}"
	ProjectSection(SolutionItems) = preProject
		global.json = global.json
	EndProjectSection
EndProject
Project("{8BB2217D-0F2D-49D1-97BC-3654ED321F3B}") = "ToDoList1", "src\ToDoList1\ToDoList1.xproj", "{4332ED80-EEA5-486F-8642-B315C71556B1}"
EndProject
Project("{2150E333-8FDC-42A3-9474-1A3956D46DE8}") = "tests", "tests", "{51D96DE3-7909-4A14-B795-7F6333607F14}"
EndProject
Project("{8BB2217D-0F2D-49D1-97BC-3654ED321F3B}") = "ToDoList1.Tests", "ToDoList1.Tests\ToDoList1.Tests.xproj", "{D248E458-AB7E-49F9-AD1E-F873E8B2D40C}"
EndProject
Global
	GlobalSection(SolutionConfigurationPlatforms) = preSolution
		Debug|Any CPU = Debug|Any CPU
		Release|Any CPU = Release|Any CPU
	EndGlobalSection
	GlobalSection(ProjectConfigurationPlatforms) = postSolution
		{4332ED80-EEA5-486F-8642-B315C71556B1}.Debug|Any CPU.ActiveCfg = Debug|Any CPU
		{4332ED80-EEA5-486F-8642-B315C71556B1}.Debug|Any CPU.Build.0 = Debug|Any CPU
		{4332ED80-EEA5-486F-8642-B315C71556B1}.Release|Any CPU.ActiveCfg = Release|Any CPU
		{4332ED80-EEA5-486F-8642-B315C71556B1}.Release|Any CPU.Build.0 = Release|Any CPU
		{D248E458-AB7E-49F9-AD1E-F873E8B2D40C}.Debug|Any CPU.ActiveCfg = Debug|Any CPU
		{D248E458-AB7E-49F9-AD1E-F873E8B2D40C}.Debug|Any CPU.Build.0 = Debug|Any CPU
		{D248E458-AB7E-49F9-AD1E-F873E8B2D40C}.Release|Any CPU.ActiveCfg = Release|Any CPU
		{D248E458-AB7E-49F9-AD1E-F873E8B2D40C}.Release|Any CPU.Build.0 = Release|Any CPU
	EndGlobalSection
	GlobalSection(SolutionProperties) = preSolution
		HideSolutionNode = FALSE
	EndGlobalSection
	GlobalSection(NestedProjects) = preSolution
		{4332ED80-EEA5-486F-8642-B315C71556B1} = {EA591656-3F28-4CB0-B95B-BFCCCF280F64}
		{D248E458-AB7E-49F9-AD1E-F873E8B2D40C} = {51D96DE3-7909-4A14-B795-7F6333607F14}
	EndGlobalSection
EndGlobal
